
Microsoft Visual Studio Solution File, Format Version 12.00
# Visual Studio Version 16
VisualStudioVersion = 16.0.30225.117
MinimumVisualStudioVersion = 10.0.40219.1
Project("{FAE04EC0-301F-11D3-BF4B-00C04F79EFBC}") = "DicomTagChecker", "DicomTagChecker\DicomTagChecker.csproj", "{EB1520BE-D198-4F73-8AFC-A1F654F565D7}"
EndProject
Project("{FAE04EC0-301F-11D3-BF4B-00C04F79EFBC}") = "DicomTagChecker.Main", "DicomTagChecker.Main\DicomTagChecker.Main.csproj", "{750C4A52-D54F-4AF7-AC4E-3D252C4641C1}"
EndProject
Project("{FAE04EC0-301F-11D3-BF4B-00C04F79EFBC}") = "DicomTagChecker.Model", "DicomTagChecker.Model\DicomTagChecker.Model.csproj", "{81F0AD33-DD6B-4C44-B933-C364C0A4D2C1}"
EndProject
Global
	GlobalSection(SolutionConfigurationPlatforms) = preSolution
		Debug|Any CPU = Debug|Any CPU
		Release|Any CPU = Release|Any CPU
	EndGlobalSection
	GlobalSection(ProjectConfigurationPlatforms) = postSolution
		{EB1520BE-D198-4F73-8AFC-A1F654F565D7}.Debug|Any CPU.ActiveCfg = Debug|Any CPU
		{EB1520BE-D198-4F73-8AFC-A1F654F565D7}.Debug|Any CPU.Build.0 = Debug|Any CPU
		{EB1520BE-D198-4F73-8AFC-A1F654F565D7}.Release|Any CPU.ActiveCfg = Release|Any CPU
		{EB1520BE-D198-4F73-8AFC-A1F654F565D7}.Release|Any CPU.Build.0 = Release|Any CPU
		{750C4A52-D54F-4AF7-AC4E-3D252C4641C1}.Debug|Any CPU.ActiveCfg = Debug|Any CPU
		{750C4A52-D54F-4AF7-AC4E-3D252C4641C1}.Debug|Any CPU.Build.0 = Debug|Any CPU
		{750C4A52-D54F-4AF7-AC4E-3D252C4641C1}.Release|Any CPU.ActiveCfg = Release|Any CPU
		{750C4A52-D54F-4AF7-AC4E-3D252C4641C1}.Release|Any CPU.Build.0 = Release|Any CPU
		{81F0AD33-DD6B-4C44-B933-C364C0A4D2C1}.Debug|Any CPU.ActiveCfg = Debug|Any CPU
		{81F0AD33-DD6B-4C44-B933-C364C0A4D2C1}.Debug|Any CPU.Build.0 = Debug|Any CPU
		{81F0AD33-DD6B-4C44-B933-C364C0A4D2C1}.Release|Any CPU.ActiveCfg = Release|Any CPU
		{81F0AD33-DD6B-4C44-B933-C364C0A4D2C1}.Release|Any CPU.Build.0 = Release|Any CPU
	EndGlobalSection
	GlobalSection(SolutionProperties) = preSolution
		HideSolutionNode = FALSE
	EndGlobalSection
	GlobalSection(ExtensibilityGlobals) = postSolution
		SolutionGuid = {F314E57E-EFFC-4924-A229-7FF65945D24E}
	EndGlobalSection
EndGlobal
